// !$*UTF8*$!
{
	archiveVersion = 1;
	classes = {
	};
	objectVersion = 46;
	objects = {

/* Begin PBXBuildFile section */
		F6DADA3A1F119AB8000BFC51 /* AppDelegate.swift in Sources */ = {isa = PBXBuildFile; fileRef = F6DADA391F119AB8000BFC51 /* AppDelegate.swift */; };
		F6DADA3C1F119AB8000BFC51 /* ViewController.swift in Sources */ = {isa = PBXBuildFile; fileRef = F6DADA3B1F119AB8000BFC51 /* ViewController.swift */; };
		F6DADA3F1F119AB8000BFC51 /* Main.storyboard in Resources */ = {isa = PBXBuildFile; fileRef = F6DADA3D1F119AB8000BFC51 /* Main.storyboard */; };
		F6DADA411F119AB8000BFC51 /* Assets.xcassets in Resources */ = {isa = PBXBuildFile; fileRef = F6DADA401F119AB8000BFC51 /* Assets.xcassets */; };
		F6DADA441F119AB8000BFC51 /* LaunchScreen.storyboard in Resources */ = {isa = PBXBuildFile; fileRef = F6DADA421F119AB8000BFC51 /* LaunchScreen.storyboard */; };
		F6DADA4F1F119AB8000BFC51 /* NewNotificationsTests.swift in Sources */ = {isa = PBXBuildFile; fileRef = F6DADA4E1F119AB8000BFC51 /* NewNotificationsTests.swift */; };
		F6DADA5A1F119FF9000BFC51 /* rick_grimes.gif in Resources */ = {isa = PBXBuildFile; fileRef = F6DADA591F119FF9000BFC51 /* rick_grimes.gif */; };
		F6DADA621F11A27F000BFC51 /* UserNotifications.framework in Frameworks */ = {isa = PBXBuildFile; fileRef = F6DADA611F11A27F000BFC51 /* UserNotifications.framework */; };
		F6DADA641F11A27F000BFC51 /* UserNotificationsUI.framework in Frameworks */ = {isa = PBXBuildFile; fileRef = F6DADA631F11A27F000BFC51 /* UserNotificationsUI.framework */; };
		F6DADA671F11A27F000BFC51 /* NotificationViewController.swift in Sources */ = {isa = PBXBuildFile; fileRef = F6DADA661F11A27F000BFC51 /* NotificationViewController.swift */; };
		F6DADA6A1F11A27F000BFC51 /* MainInterface.storyboard in Resources */ = {isa = PBXBuildFile; fileRef = F6DADA681F11A27F000BFC51 /* MainInterface.storyboard */; };
		F6DADA6E1F11A27F000BFC51 /* MyContentExtension.appex in Embed App Extensions */ = {isa = PBXBuildFile; fileRef = F6DADA5F1F11A27F000BFC51 /* MyContentExtension.appex */; settings = {ATTRIBUTES = (RemoveHeadersOnCopy, ); }; };
/* End PBXBuildFile section */

/* Begin PBXContainerItemProxy section */
		F6DADA4B1F119AB8000BFC51 /* PBXContainerItemProxy */ = {
			isa = PBXContainerItemProxy;
			containerPortal = F6DADA2E1F119AB8000BFC51 /* Project object */;
			proxyType = 1;
			remoteGlobalIDString = F6DADA351F119AB8000BFC51;
			remoteInfo = NewNotifications;
		};
		F6DADA6C1F11A27F000BFC51 /* PBXContainerItemProxy */ = {
			isa = PBXContainerItemProxy;
			containerPortal = F6DADA2E1F119AB8000BFC51 /* Project object */;
			proxyType = 1;
			remoteGlobalIDString = F6DADA5E1F11A27F000BFC51;
			remoteInfo = MyContentExtension;
		};
/* End PBXContainerItemProxy section */

/* Begin PBXCopyFilesBuildPhase section */
		F6DADA721F11A27F000BFC51 /* Embed App Extensions */ = {
			isa = PBXCopyFilesBuildPhase;
			buildActionMask = 2147483647;
			dstPath = "";
			dstSubfolderSpec = 13;
			files = (
				F6DADA6E1F11A27F000BFC51 /* MyContentExtension.appex in Embed App Extensions */,
			);
			name = "Embed App Extensions";
			runOnlyForDeploymentPostprocessing = 0;
		};
/* End PBXCopyFilesBuildPhase section */

/* Begin PBXFileReference section */
		F6DADA361F119AB8000BFC51 /* NewNotifications.app */ = {isa = PBXFileReference; explicitFileType = wrapper.application; includeInIndex = 0; path = NewNotifications.app; sourceTree = BUILT_PRODUCTS_DIR; };
		F6DADA391F119AB8000BFC51 /* AppDelegate.swift */ = {isa = PBXFileReference; lastKnownFileType = sourcecode.swift; path = AppDelegate.swift; sourceTree = "<group>"; };
		F6DADA3B1F119AB8000BFC51 /* ViewController.swift */ = {isa = PBXFileReference; lastKnownFileType = sourcecode.swift; path = ViewController.swift; sourceTree = "<group>"; };
		F6DADA3E1F119AB8000BFC51 /* Base */ = {isa = PBXFileReference; lastKnownFileType = file.storyboard; name = Base; path = Base.lproj/Main.storyboard; sourceTree = "<group>"; };
		F6DADA401F119AB8000BFC51 /* Assets.xcassets */ = {isa = PBXFileReference; lastKnownFileType = folder.assetcatalog; path = Assets.xcassets; sourceTree = "<group>"; };
		F6DADA431F119AB8000BFC51 /* Base */ = {isa = PBXFileReference; lastKnownFileType = file.storyboard; name = Base; path = Base.lproj/LaunchScreen.storyboard; sourceTree = "<group>"; };
		F6DADA451F119AB8000BFC51 /* Info.plist */ = {isa = PBXFileReference; lastKnownFileType = text.plist.xml; path = Info.plist; sourceTree = "<group>"; };
		F6DADA4A1F119AB8000BFC51 /* NewNotificationsTests.xctest */ = {isa = PBXFileReference; explicitFileType = wrapper.cfbundle; includeInIndex = 0; path = NewNotificationsTests.xctest; sourceTree = BUILT_PRODUCTS_DIR; };
		F6DADA4E1F119AB8000BFC51 /* NewNotificationsTests.swift */ = {isa = PBXFileReference; lastKnownFileType = sourcecode.swift; path = NewNotificationsTests.swift; sourceTree = "<group>"; };
		F6DADA501F119AB8000BFC51 /* Info.plist */ = {isa = PBXFileReference; lastKnownFileType = text.plist.xml; path = Info.plist; sourceTree = "<group>"; };
		F6DADA591F119FF9000BFC51 /* rick_grimes.gif */ = {isa = PBXFileReference; lastKnownFileType = image.gif; path = rick_grimes.gif; sourceTree = "<group>"; };
		F6DADA5F1F11A27F000BFC51 /* MyContentExtension.appex */ = {isa = PBXFileReference; explicitFileType = "wrapper.app-extension"; includeInIndex = 0; path = MyContentExtension.appex; sourceTree = BUILT_PRODUCTS_DIR; };
		F6DADA611F11A27F000BFC51 /* UserNotifications.framework */ = {isa = PBXFileReference; lastKnownFileType = wrapper.framework; name = UserNotifications.framework; path = System/Library/Frameworks/UserNotifications.framework; sourceTree = SDKROOT; };
		F6DADA631F11A27F000BFC51 /* UserNotificationsUI.framework */ = {isa = PBXFileReference; lastKnownFileType = wrapper.framework; name = UserNotificationsUI.framework; path = System/Library/Frameworks/UserNotificationsUI.framework; sourceTree = SDKROOT; };
		F6DADA661F11A27F000BFC51 /* NotificationViewController.swift */ = {isa = PBXFileReference; lastKnownFileType = sourcecode.swift; path = NotificationViewController.swift; sourceTree = "<group>"; };
		F6DADA691F11A27F000BFC51 /* Base */ = {isa = PBXFileReference; lastKnownFileType = file.storyboard; name = Base; path = Base.lproj/MainInterface.storyboard; sourceTree = "<group>"; };
		F6DADA6B1F11A27F000BFC51 /* Info.plist */ = {isa = PBXFileReference; lastKnownFileType = text.plist.xml; path = Info.plist; sourceTree = "<group>"; };
/* End PBXFileReference section */

/* Begin PBXFrameworksBuildPhase section */
		F6DADA331F119AB8000BFC51 /* Frameworks */ = {
			isa = PBXFrameworksBuildPhase;
			buildActionMask = 2147483647;
			files = (
			);
			runOnlyForDeploymentPostprocessing = 0;
		};
		F6DADA471F119AB8000BFC51 /* Frameworks */ = {
			isa = PBXFrameworksBuildPhase;
			buildActionMask = 2147483647;
			files = (
			);
			runOnlyForDeploymentPostprocessing = 0;
		};
		F6DADA5C1F11A27F000BFC51 /* Frameworks */ = {
			isa = PBXFrameworksBuildPhase;
			buildActionMask = 2147483647;
			files = (
				F6DADA641F11A27F000BFC51 /* UserNotificationsUI.framework in Frameworks */,
				F6DADA621F11A27F000BFC51 /* UserNotifications.framework in Frameworks */,
			);
			runOnlyForDeploymentPostprocessing = 0;
		};
/* End PBXFrameworksBuildPhase section */

/* Begin PBXGroup section */
		F6DADA2D1F119AB8000BFC51 = {
			isa = PBXGroup;
			children = (
				F6DADA381F119AB8000BFC51 /* NewNotifications */,
				F6DADA4D1F119AB8000BFC51 /* NewNotificationsTests */,
				F6DADA651F11A27F000BFC51 /* MyContentExtension */,
				F6DADA601F11A27F000BFC51 /* Frameworks */,
				F6DADA371F119AB8000BFC51 /* Products */,
			);
			sourceTree = "<group>";
		};
		F6DADA371F119AB8000BFC51 /* Products */ = {
			isa = PBXGroup;
			children = (
				F6DADA361F119AB8000BFC51 /* NewNotifications.app */,
				F6DADA4A1F119AB8000BFC51 /* NewNotificationsTests.xctest */,
				F6DADA5F1F11A27F000BFC51 /* MyContentExtension.appex */,
			);
			name = Products;
			sourceTree = "<group>";
		};
		F6DADA381F119AB8000BFC51 /* NewNotifications */ = {
			isa = PBXGroup;
			children = (
				F6DADA391F119AB8000BFC51 /* AppDelegate.swift */,
				F6DADA3B1F119AB8000BFC51 /* ViewController.swift */,
				F6DADA3D1F119AB8000BFC51 /* Main.storyboard */,
				F6DADA401F119AB8000BFC51 /* Assets.xcassets */,
				F6DADA421F119AB8000BFC51 /* LaunchScreen.storyboard */,
				F6DADA591F119FF9000BFC51 /* rick_grimes.gif */,
				F6DADA451F119AB8000BFC51 /* Info.plist */,
			);
			path = NewNotifications;
			sourceTree = "<group>";
		};
		F6DADA4D1F119AB8000BFC51 /* NewNotificationsTests */ = {
			isa = PBXGroup;
			children = (
				F6DADA4E1F119AB8000BFC51 /* NewNotificationsTests.swift */,
				F6DADA501F119AB8000BFC51 /* Info.plist */,
			);
			path = NewNotificationsTests;
			sourceTree = "<group>";
		};
		F6DADA601F11A27F000BFC51 /* Frameworks */ = {
			isa = PBXGroup;
			children = (
				F6DADA611F11A27F000BFC51 /* UserNotifications.framework */,
				F6DADA631F11A27F000BFC51 /* UserNotificationsUI.framework */,
			);
			name = Frameworks;
			sourceTree = "<group>";
		};
		F6DADA651F11A27F000BFC51 /* MyContentExtension */ = {
			isa = PBXGroup;
			children = (
				F6DADA661F11A27F000BFC51 /* NotificationViewController.swift */,
				F6DADA681F11A27F000BFC51 /* MainInterface.storyboard */,
				F6DADA6B1F11A27F000BFC51 /* Info.plist */,
			);
			path = MyContentExtension;
			sourceTree = "<group>";
		};
/* End PBXGroup section */

/* Begin PBXNativeTarget section */
		F6DADA351F119AB8000BFC51 /* NewNotifications */ = {
			isa = PBXNativeTarget;
			buildConfigurationList = F6DADA531F119AB8000BFC51 /* Build configuration list for PBXNativeTarget "NewNotifications" */;
			buildPhases = (
				F6DADA321F119AB8000BFC51 /* Sources */,
				F6DADA331F119AB8000BFC51 /* Frameworks */,
				F6DADA341F119AB8000BFC51 /* Resources */,
				F6DADA721F11A27F000BFC51 /* Embed App Extensions */,
			);
			buildRules = (
			);
			dependencies = (
				F6DADA6D1F11A27F000BFC51 /* PBXTargetDependency */,
			);
			name = NewNotifications;
			productName = NewNotifications;
			productReference = F6DADA361F119AB8000BFC51 /* NewNotifications.app */;
			productType = "com.apple.product-type.application";
		};
		F6DADA491F119AB8000BFC51 /* NewNotificationsTests */ = {
			isa = PBXNativeTarget;
			buildConfigurationList = F6DADA561F119AB8000BFC51 /* Build configuration list for PBXNativeTarget "NewNotificationsTests" */;
			buildPhases = (
				F6DADA461F119AB8000BFC51 /* Sources */,
				F6DADA471F119AB8000BFC51 /* Frameworks */,
				F6DADA481F119AB8000BFC51 /* Resources */,
			);
			buildRules = (
			);
			dependencies = (
				F6DADA4C1F119AB8000BFC51 /* PBXTargetDependency */,
			);
			name = NewNotificationsTests;
			productName = NewNotificationsTests;
			productReference = F6DADA4A1F119AB8000BFC51 /* NewNotificationsTests.xctest */;
			productType = "com.apple.product-type.bundle.unit-test";
		};
		F6DADA5E1F11A27F000BFC51 /* MyContentExtension */ = {
			isa = PBXNativeTarget;
			buildConfigurationList = F6DADA6F1F11A27F000BFC51 /* Build configuration list for PBXNativeTarget "MyContentExtension" */;
			buildPhases = (
				F6DADA5B1F11A27F000BFC51 /* Sources */,
				F6DADA5C1F11A27F000BFC51 /* Frameworks */,
				F6DADA5D1F11A27F000BFC51 /* Resources */,
			);
			buildRules = (
			);
			dependencies = (
			);
			name = MyContentExtension;
			productName = MyContentExtension;
			productReference = F6DADA5F1F11A27F000BFC51 /* MyContentExtension.appex */;
			productType = "com.apple.product-type.app-extension";
		};
/* End PBXNativeTarget section */

/* Begin PBXProject section */
		F6DADA2E1F119AB8000BFC51 /* Project object */ = {
			isa = PBXProject;
			attributes = {
				LastSwiftUpdateCheck = 0830;
				LastUpgradeCheck = 0830;
				ORGANIZATIONNAME = "Ricardo Herrera Petit";
				TargetAttributes = {
					F6DADA351F119AB8000BFC51 = {
						CreatedOnToolsVersion = 8.3.2;
						DevelopmentTeam = AMLYNCKP6M;
						ProvisioningStyle = Automatic;
					};
					F6DADA491F119AB8000BFC51 = {
						CreatedOnToolsVersion = 8.3.2;
						DevelopmentTeam = AMLYNCKP6M;
						ProvisioningStyle = Automatic;
						TestTargetID = F6DADA351F119AB8000BFC51;
					};
					F6DADA5E1F11A27F000BFC51 = {
						CreatedOnToolsVersion = 8.3.2;
						DevelopmentTeam = AMLYNCKP6M;
						ProvisioningStyle = Automatic;
					};
				};
			};
			buildConfigurationList = F6DADA311F119AB8000BFC51 /* Build configuration list for PBXProject "NewNotifications" */;
			compatibilityVersion = "Xcode 3.2";
			developmentRegion = English;
			hasScannedForEncodings = 0;
			knownRegions = (
				en,
				Base,
			);
			mainGroup = F6DADA2D1F119AB8000BFC51;
			productRefGroup = F6DADA371F119AB8000BFC51 /* Products */;
			projectDirPath = "";
			projectRoot = "";
			targets = (
				F6DADA351F119AB8000BFC51 /* NewNotifications */,
				F6DADA491F119AB8000BFC51 /* NewNotificationsTests */,
				F6DADA5E1F11A27F000BFC51 /* MyContentExtension */,
			);
		};
/* End PBXProject section */

/* Begin PBXResourcesBuildPhase section */
		F6DADA341F119AB8000BFC51 /* Resources */ = {
			isa = PBXResourcesBuildPhase;
			buildActionMask = 2147483647;
			files = (
				F6DADA441F119AB8000BFC51 /* LaunchScreen.storyboard in Resources */,
				F6DADA411F119AB8000BFC51 /* Assets.xcassets in Resources */,
				F6DADA5A1F119FF9000BFC51 /* rick_grimes.gif in Resources */,
				F6DADA3F1F119AB8000BFC51 /* Main.storyboard in Resources */,
			);
			runOnlyForDeploymentPostprocessing = 0;
		};
		F6DADA481F119AB8000BFC51 /* Resources */ = {
			isa = PBXResourcesBuildPhase;
			buildActionMask = 2147483647;
			files = (
			);
			runOnlyForDeploymentPostprocessing = 0;
		};
		F6DADA5D1F11A27F000BFC51 /* Resources */ = {
			isa = PBXResourcesBuildPhase;
			buildActionMask = 2147483647;
			files = (
				F6DADA6A1F11A27F000BFC51 /* MainInterface.storyboard in Resources */,
			);
			runOnlyForDeploymentPostprocessing = 0;
		};
/* End PBXResourcesBuildPhase section */

/* Begin PBXSourcesBuildPhase section */
		F6DADA321F119AB8000BFC51 /* Sources */ = {
			isa = PBXSourcesBuildPhase;
			buildActionMask = 2147483647;
			files = (
				F6DADA3C1F119AB8000BFC51 /* ViewController.swift in Sources */,
				F6DADA3A1F119AB8000BFC51 /* AppDelegate.swift in Sources */,
			);
			runOnlyForDeploymentPostprocessing = 0;
		};
		F6DADA461F119AB8000BFC51 /* Sources */ = {
			isa = PBXSourcesBuildPhase;
			buildActionMask = 2147483647;
			files = (
				F6DADA4F1F119AB8000BFC51 /* NewNotificationsTests.swift in Sources */,
			);
			runOnlyForDeploymentPostprocessing = 0;
		};
		F6DADA5B1F11A27F000BFC51 /* Sources */ = {
			isa = PBXSourcesBuildPhase;
			buildActionMask = 2147483647;
			files = (
				F6DADA671F11A27F000BFC51 /* NotificationViewController.swift in Sources */,
			);
			runOnlyForDeploymentPostprocessing = 0;
		};
/* End PBXSourcesBuildPhase section */

/* Begin PBXTargetDependency section */
		F6DADA4C1F119AB8000BFC51 /* PBXTargetDependency */ = {
			isa = PBXTargetDependency;
			target = F6DADA351F119AB8000BFC51 /* NewNotifications */;
			targetProxy = F6DADA4B1F119AB8000BFC51 /* PBXContainerItemProxy */;
		};
		F6DADA6D1F11A27F000BFC51 /* PBXTargetDependency */ = {
			isa = PBXTargetDependency;
			target = F6DADA5E1F11A27F000BFC51 /* MyContentExtension */;
			targetProxy = F6DADA6C1F11A27F000BFC51 /* PBXContainerItemProxy */;
		};
/* End PBXTargetDependency section */

/* Begin PBXVariantGroup section */
		F6DADA3D1F119AB8000BFC51 /* Main.storyboard */ = {
			isa = PBXVariantGroup;
			children = (
				F6DADA3E1F119AB8000BFC51 /* Base */,
			);
			name = Main.storyboard;
			sourceTree = "<group>";
		};
		F6DADA421F119AB8000BFC51 /* LaunchScreen.storyboard */ = {
			isa = PBXVariantGroup;
			children = (
				F6DADA431F119AB8000BFC51 /* Base */,
			);
			name = LaunchScreen.storyboard;
			sourceTree = "<group>";
		};
		F6DADA681F11A27F000BFC51 /* MainInterface.storyboard */ = {
			isa = PBXVariantGroup;
			children = (
				F6DADA691F11A27F000BFC51 /* Base */,
			);
			name = MainInterface.storyboard;
			sourceTree = "<group>";
		};
/* End PBXVariantGroup section */

/* Begin XCBuildConfiguration section */
		F6DADA511F119AB8000BFC51 /* Debug */ = {
			isa = XCBuildConfiguration;
			buildSettings = {
				ALWAYS_SEARCH_USER_PATHS = NO;
				CLANG_ANALYZER_NONNULL = YES;
				CLANG_ANALYZER_NUMBER_OBJECT_CONVERSION = YES_AGGRESSIVE;
				CLANG_CXX_LANGUAGE_STANDARD = "gnu++0x";
				CLANG_CXX_LIBRARY = "libc++";
				CLANG_ENABLE_MODULES = YES;
				CLANG_ENABLE_OBJC_ARC = YES;
				CLANG_WARN_BOOL_CONVERSION = YES;
				CLANG_WARN_CONSTANT_CONVERSION = YES;
				CLANG_WARN_DIRECT_OBJC_ISA_USAGE = YES_ERROR;
				CLANG_WARN_DOCUMENTATION_COMMENTS = YES;
				CLANG_WARN_EMPTY_BODY = YES;
				CLANG_WARN_ENUM_CONVERSION = YES;
				CLANG_WARN_INFINITE_RECURSION = YES;
				CLANG_WARN_INT_CONVERSION = YES;
				CLANG_WARN_OBJC_ROOT_CLASS = YES_ERROR;
				CLANG_WARN_SUSPICIOUS_MOVE = YES;
				CLANG_WARN_UNREACHABLE_CODE = YES;
				CLANG_WARN__DUPLICATE_METHOD_MATCH = YES;
				"CODE_SIGN_IDENTITY[sdk=iphoneos*]" = "iPhone Developer";
				COPY_PHASE_STRIP = NO;
				DEBUG_INFORMATION_FORMAT = dwarf;
				ENABLE_STRICT_OBJC_MSGSEND = YES;
				ENABLE_TESTABILITY = YES;
				GCC_C_LANGUAGE_STANDARD = gnu99;
				GCC_DYNAMIC_NO_PIC = NO;
				GCC_NO_COMMON_BLOCKS = YES;
				GCC_OPTIMIZATION_LEVEL = 0;
				GCC_PREPROCESSOR_DEFINITIONS = (
					"DEBUG=1",
					"$(inherited)",
				);
				GCC_WARN_64_TO_32_BIT_CONVERSION = YES;
				GCC_WARN_ABOUT_RETURN_TYPE = YES_ERROR;
				GCC_WARN_UNDECLARED_SELECTOR = YES;
				GCC_WARN_UNINITIALIZED_AUTOS = YES_AGGRESSIVE;
				GCC_WARN_UNUSED_FUNCTION = YES;
				GCC_WARN_UNUSED_VARIABLE = YES;
				IPHONEOS_DEPLOYMENT_TARGET = 10.3;
				MTL_ENABLE_DEBUG_INFO = YES;
				ONLY_ACTIVE_ARCH = YES;
				SDKROOT = iphoneos;
				SWIFT_ACTIVE_COMPILATION_CONDITIONS = DEBUG;
				SWIFT_OPTIMIZATION_LEVEL = "-Onone";
			};
			name = Debug;
		};
		F6DADA521F119AB8000BFC51 /* Release */ = {
			isa = XCBuildConfiguration;
			buildSettings = {
				ALWAYS_SEARCH_USER_PATHS = NO;
				CLANG_ANALYZER_NONNULL = YES;
				CLANG_ANALYZER_NUMBER_OBJECT_CONVERSION = YES_AGGRESSIVE;
				CLANG_CXX_LANGUAGE_STANDARD = "gnu++0x";
				CLANG_CXX_LIBRARY = "libc++";
				CLANG_ENABLE_MODULES = YES;
				CLANG_ENABLE_OBJC_ARC = YES;
				CLANG_WARN_BOOL_CONVERSION = YES;
				CLANG_WARN_CONSTANT_CONVERSION = YES;
				CLANG_WARN_DIRECT_OBJC_ISA_USAGE = YES_ERROR;
				CLANG_WARN_DOCUMENTATION_COMMENTS = YES;
				CLANG_WARN_EMPTY_BODY = YES;
				CLANG_WARN_ENUM_CONVERSION = YES;
				CLANG_WARN_INFINITE_RECURSION = YES;
				CLANG_WARN_INT_CONVERSION = YES;
				CLANG_WARN_OBJC_ROOT_CLASS = YES_ERROR;
				CLANG_WARN_SUSPICIOUS_MOVE = YES;
				CLANG_WARN_UNREACHABLE_CODE = YES;
				CLANG_WARN__DUPLICATE_METHOD_MATCH = YES;
				"CODE_SIGN_IDENTITY[sdk=iphoneos*]" = "iPhone Developer";
				COPY_PHASE_STRIP = NO;
				DEBUG_INFORMATION_FORMAT = "dwarf-with-dsym";
				ENABLE_NS_ASSERTIONS = NO;
				ENABLE_STRICT_OBJC_MSGSEND = YES;
				GCC_C_LANGUAGE_STANDARD = gnu99;
				GCC_NO_COMMON_BLOCKS = YES;
				GCC_WARN_64_TO_32_BIT_CONVERSION = YES;
				GCC_WARN_ABOUT_RETURN_TYPE = YES_ERROR;
				GCC_WARN_UNDECLARED_SELECTOR = YES;
				GCC_WARN_UNINITIALIZED_AUTOS = YES_AGGRESSIVE;
				GCC_WARN_UNUSED_FUNCTION = YES;
				GCC_WARN_UNUSED_VARIABLE = YES;
				IPHONEOS_DEPLOYMENT_TARGET = 10.3;
				MTL_ENABLE_DEBUG_INFO = NO;
				SDKROOT = iphoneos;
				SWIFT_OPTIMIZATION_LEVEL = "-Owholemodule";
				VALIDATE_PRODUCT = YES;
			};
			name = Release;
		};
		F6DADA541F119AB8000BFC51 /* Debug */ = {
			isa = XCBuildConfiguration;
			buildSettings = {
				ALWAYS_EMBED_SWIFT_STANDARD_LIBRARIES = YES;
				ASSETCATALOG_COMPILER_APPICON_NAME = AppIcon;
				DEVELOPMENT_TEAM = AMLYNCKP6M;
				INFOPLIST_FILE = NewNotifications/Info.plist;
				LD_RUNPATH_SEARCH_PATHS = "$(inherited) @executable_path/Frameworks";
				PRODUCT_BUNDLE_IDENTIFIER = petitcoding.rhp.NewNotifications;
				PRODUCT_NAME = "$(TARGET_NAME)";
				SWIFT_VERSION = 3.0;
			};
			name = Debug;
		};
		F6DADA551F119AB8000BFC51 /* Release */ = {
			isa = XCBuildConfiguration;
			buildSettings = {
				ALWAYS_EMBED_SWIFT_STANDARD_LIBRARIES = YES;
				ASSETCATALOG_COMPILER_APPICON_NAME = AppIcon;
				DEVELOPMENT_TEAM = AMLYNCKP6M;
				INFOPLIST_FILE = NewNotifications/Info.plist;
				LD_RUNPATH_SEARCH_PATHS = "$(inherited) @executable_path/Frameworks";
				PRODUCT_BUNDLE_IDENTIFIER = petitcoding.rhp.NewNotifications;
				PRODUCT_NAME = "$(TARGET_NAME)";
				SWIFT_VERSION = 3.0;
			};
			name = Release;
		};
		F6DADA571F119AB8000BFC51 /* Debug */ = {
			isa = XCBuildConfiguration;
			buildSettings = {
				ALWAYS_EMBED_SWIFT_STANDARD_LIBRARIES = YES;
				BUNDLE_LOADER = "$(TEST_HOST)";
				DEVELOPMENT_TEAM = AMLYNCKP6M;
				INFOPLIST_FILE = NewNotificationsTests/Info.plist;
				LD_RUNPATH_SEARCH_PATHS = "$(inherited) @executable_path/Frameworks @loader_path/Frameworks";
				PRODUCT_BUNDLE_IDENTIFIER = petitcoding.rhp.NewNotificationsTests;
				PRODUCT_NAME = "$(TARGET_NAME)";
				SWIFT_VERSION = 3.0;
				TEST_HOST = "$(BUILT_PRODUCTS_DIR)/NewNotifications.app/NewNotifications";
			};
			name = Debug;
		};
		F6DADA581F119AB8000BFC51 /* Release */ = {
			isa = XCBuildConfiguration;
			buildSettings = {
				ALWAYS_EMBED_SWIFT_STANDARD_LIBRARIES = YES;
				BUNDLE_LOADER = "$(TEST_HOST)";
				DEVELOPMENT_TEAM = AMLYNCKP6M;
				INFOPLIST_FILE = NewNotificationsTests/Info.plist;
				LD_RUNPATH_SEARCH_PATHS = "$(inherited) @executable_path/Frameworks @loader_path/Frameworks";
				PRODUCT_BUNDLE_IDENTIFIER = petitcoding.rhp.NewNotificationsTests;
				PRODUCT_NAME = "$(TARGET_NAME)";
				SWIFT_VERSION = 3.0;
				TEST_HOST = "$(BUILT_PRODUCTS_DIR)/NewNotifications.app/NewNotifications";
			};
			name = Release;
		};
		F6DADA701F11A27F000BFC51 /* Debug */ = {
			isa = XCBuildConfiguration;
			buildSettings = {
				DEVELOPMENT_TEAM = AMLYNCKP6M;
				INFOPLIST_FILE = MyContentExtension/Info.plist;
				LD_RUNPATH_SEARCH_PATHS = "$(inherited) @executable_path/Frameworks @executable_path/../../Frameworks";
				PRODUCT_BUNDLE_IDENTIFIER = petitcoding.rhp.NewNotifications.MyContentExtension;
				PRODUCT_NAME = "$(TARGET_NAME)";
				SKIP_INSTALL = YES;
				SWIFT_VERSION = 3.0;
			};
			name = Debug;
		};
		F6DADA711F11A27F000BFC51 /* Release */ = {
			isa = XCBuildConfiguration;
			buildSettings = {
				DEVELOPMENT_TEAM = AMLYNCKP6M;
				INFOPLIST_FILE = MyContentExtension/Info.plist;
				LD_RUNPATH_SEARCH_PATHS = "$(inherited) @executable_path/Frameworks @executable_path/../../Frameworks";
				PRODUCT_BUNDLE_IDENTIFIER = petitcoding.rhp.NewNotifications.MyContentExtension;
				PRODUCT_NAME = "$(TARGET_NAME)";
				SKIP_INSTALL = YES;
				SWIFT_VERSION = 3.0;
			};
			name = Release;
		};
/* End XCBuildConfiguration section */

/* Begin XCConfigurationList section */
		F6DADA311F119AB8000BFC51 /* Build configuration list for PBXProject "NewNotifications" */ = {
			isa = XCConfigurationList;
			buildConfigurations = (
				F6DADA511F119AB8000BFC51 /* Debug */,
				F6DADA521F119AB8000BFC51 /* Release */,
			);
			defaultConfigurationIsVisible = 0;
			defaultConfigurationName = Release;
		};
		F6DADA531F119AB8000BFC51 /* Build configuration list for PBXNativeTarget "NewNotifications" */ = {
			isa = XCConfigurationList;
			buildConfigurations = (
				F6DADA541F119AB8000BFC51 /* Debug */,
				F6DADA551F119AB8000BFC51 /* Release */,
			);
			defaultConfigurationIsVisible = 0;
		};
		F6DADA561F119AB8000BFC51 /* Build configuration list for PBXNativeTarget "NewNotificationsTests" */ = {
			isa = XCConfigurationList;
			buildConfigurations = (
				F6DADA571F119AB8000BFC51 /* Debug */,
				F6DADA581F119AB8000BFC51 /* Release */,
			);
			defaultConfigurationIsVisible = 0;
		};
		F6DADA6F1F11A27F000BFC51 /* Build configuration list for PBXNativeTarget "MyContentExtension" */ = {
			isa = XCConfigurationList;
			buildConfigurations = (
				F6DADA701F11A27F000BFC51 /* Debug */,
				F6DADA711F11A27F000BFC51 /* Release */,
			);
			defaultConfigurationIsVisible = 0;
		};
/* End XCConfigurationList section */
	};
	rootObject = F6DADA2E1F119AB8000BFC51 /* Project object */;
}
